// !$*UTF8*$!
{
	archiveVersion = 1;
	classes = {
	};
	objectVersion = 50;
	objects = {

/* Begin PBXBuildFile section */
		92949A4D2295DAF3008EE240 /* AppDelegate.swift in Sources */ = {isa = PBXBuildFile; fileRef = 92949A4C2295DAF3008EE240 /* AppDelegate.swift */; };
		92949A4F2295DAF3008EE240 /* ProgressCircleViewController.swift in Sources */ = {isa = PBXBuildFile; fileRef = 92949A4E2295DAF3008EE240 /* ProgressCircleViewController.swift */; };
		92949A522295DAF3008EE240 /* Main.storyboard in Resources */ = {isa = PBXBuildFile; fileRef = 92949A502295DAF3008EE240 /* Main.storyboard */; };
		92949A542295DAF7008EE240 /* Assets.xcassets in Resources */ = {isa = PBXBuildFile; fileRef = 92949A532295DAF7008EE240 /* Assets.xcassets */; };
		92949A572295DAF7008EE240 /* LaunchScreen.storyboard in Resources */ = {isa = PBXBuildFile; fileRef = 92949A552295DAF7008EE240 /* LaunchScreen.storyboard */; };
		92949A602295DBF8008EE240 /* ProgressCircleView.swift in Sources */ = {isa = PBXBuildFile; fileRef = 92949A5F2295DBF8008EE240 /* ProgressCircleView.swift */; };
		92949A622295E067008EE240 /* ProgressBarView.swift in Sources */ = {isa = PBXBuildFile; fileRef = 92949A612295E067008EE240 /* ProgressBarView.swift */; };
		92FB2169229A55C5000AF93E /* ProgressBarViewController.swift in Sources */ = {isa = PBXBuildFile; fileRef = 92FB2168229A55C5000AF93E /* ProgressBarViewController.swift */; };
/* End PBXBuildFile section */

/* Begin PBXFileReference section */
		92949A492295DAF3008EE240 /* CustomView.app */ = {isa = PBXFileReference; explicitFileType = wrapper.application; includeInIndex = 0; path = CustomView.app; sourceTree = BUILT_PRODUCTS_DIR; };
		92949A4C2295DAF3008EE240 /* AppDelegate.swift */ = {isa = PBXFileReference; lastKnownFileType = sourcecode.swift; path = AppDelegate.swift; sourceTree = "<group>"; };
		92949A4E2295DAF3008EE240 /* ProgressCircleViewController.swift */ = {isa = PBXFileReference; lastKnownFileType = sourcecode.swift; path = ProgressCircleViewController.swift; sourceTree = "<group>"; };
		92949A512295DAF3008EE240 /* Base */ = {isa = PBXFileReference; lastKnownFileType = file.storyboard; name = Base; path = Base.lproj/Main.storyboard; sourceTree = "<group>"; };
		92949A532295DAF7008EE240 /* Assets.xcassets */ = {isa = PBXFileReference; lastKnownFileType = folder.assetcatalog; path = Assets.xcassets; sourceTree = "<group>"; };
		92949A562295DAF7008EE240 /* Base */ = {isa = PBXFileReference; lastKnownFileType = file.storyboard; name = Base; path = Base.lproj/LaunchScreen.storyboard; sourceTree = "<group>"; };
		92949A582295DAF7008EE240 /* Info.plist */ = {isa = PBXFileReference; lastKnownFileType = text.plist.xml; path = Info.plist; sourceTree = "<group>"; };
		92949A5F2295DBF8008EE240 /* ProgressCircleView.swift */ = {isa = PBXFileReference; lastKnownFileType = sourcecode.swift; path = ProgressCircleView.swift; sourceTree = "<group>"; };
		92949A612295E067008EE240 /* ProgressBarView.swift */ = {isa = PBXFileReference; lastKnownFileType = sourcecode.swift; path = ProgressBarView.swift; sourceTree = "<group>"; };
		92FB2168229A55C5000AF93E /* ProgressBarViewController.swift */ = {isa = PBXFileReference; lastKnownFileType = sourcecode.swift; path = ProgressBarViewController.swift; sourceTree = "<group>"; };
/* End PBXFileReference section */

/* Begin PBXFrameworksBuildPhase section */
		92949A462295DAF3008EE240 /* Frameworks */ = {
			isa = PBXFrameworksBuildPhase;
			buildActionMask = 2147483647;
			files = (
			);
			runOnlyForDeploymentPostprocessing = 0;
		};
/* End PBXFrameworksBuildPhase section */

/* Begin PBXGroup section */
		9270CB38229A5DBA000A31AB /* Controllers */ = {
			isa = PBXGroup;
			children = (
				92949A4E2295DAF3008EE240 /* ProgressCircleViewController.swift */,
				92FB2168229A55C5000AF93E /* ProgressBarViewController.swift */,
			);
			path = Controllers;
			sourceTree = "<group>";
		};
		92949A402295DAF3008EE240 = {
			isa = PBXGroup;
			children = (
				92949A4B2295DAF3008EE240 /* CustomView */,
				92949A4A2295DAF3008EE240 /* Products */,
			);
			sourceTree = "<group>";
		};
		92949A4A2295DAF3008EE240 /* Products */ = {
			isa = PBXGroup;
			children = (
				92949A492295DAF3008EE240 /* CustomView.app */,
			);
			name = Products;
			sourceTree = "<group>";
		};
		92949A4B2295DAF3008EE240 /* CustomView */ = {
			isa = PBXGroup;
			children = (
				9270CB38229A5DBA000A31AB /* Controllers */,
				92949A5E2295DB10008EE240 /* Views */,
				92949A4C2295DAF3008EE240 /* AppDelegate.swift */,
				92949A502295DAF3008EE240 /* Main.storyboard */,
				92949A532295DAF7008EE240 /* Assets.xcassets */,
				92949A552295DAF7008EE240 /* LaunchScreen.storyboard */,
				92949A582295DAF7008EE240 /* Info.plist */,
			);
			path = CustomView;
			sourceTree = "<group>";
		};
		92949A5E2295DB10008EE240 /* Views */ = {
			isa = PBXGroup;
			children = (
				92949A5F2295DBF8008EE240 /* ProgressCircleView.swift */,
				92949A612295E067008EE240 /* ProgressBarView.swift */,
			);
			path = Views;
			sourceTree = "<group>";
		};
/* End PBXGroup section */

/* Begin PBXNativeTarget section */
		92949A482295DAF3008EE240 /* CustomView */ = {
			isa = PBXNativeTarget;
			buildConfigurationList = 92949A5B2295DAF7008EE240 /* Build configuration list for PBXNativeTarget "CustomView" */;
			buildPhases = (
				92949A452295DAF3008EE240 /* Sources */,
				92949A462295DAF3008EE240 /* Frameworks */,
				92949A472295DAF3008EE240 /* Resources */,
			);
			buildRules = (
			);
			dependencies = (
			);
			name = CustomView;
			productName = CustomViewComponent;
			productReference = 92949A492295DAF3008EE240 /* CustomView.app */;
			productType = "com.apple.product-type.application";
		};
/* End PBXNativeTarget section */

/* Begin PBXProject section */
		92949A412295DAF3008EE240 /* Project object */ = {
			isa = PBXProject;
			attributes = {
				LastSwiftUpdateCheck = 1020;
				LastUpgradeCheck = 1020;
				ORGANIZATIONNAME = "Joaquim Pessoa Filho";
				TargetAttributes = {
					92949A482295DAF3008EE240 = {
						CreatedOnToolsVersion = 10.2.1;
					};
				};
			};
			buildConfigurationList = 92949A442295DAF3008EE240 /* Build configuration list for PBXProject "CustomView" */;
			compatibilityVersion = "Xcode 9.3";
			developmentRegion = en;
			hasScannedForEncodings = 0;
			knownRegions = (
				en,
				Base,
			);
			mainGroup = 92949A402295DAF3008EE240;
			productRefGroup = 92949A4A2295DAF3008EE240 /* Products */;
			projectDirPath = "";
			projectRoot = "";
			targets = (
				92949A482295DAF3008EE240 /* CustomView */,
			);
		};
/* End PBXProject section */

/* Begin PBXResourcesBuildPhase section */
		92949A472295DAF3008EE240 /* Resources */ = {
			isa = PBXResourcesBuildPhase;
			buildActionMask = 2147483647;
			files = (
				92949A572295DAF7008EE240 /* LaunchScreen.storyboard in Resources */,
				92949A542295DAF7008EE240 /* Assets.xcassets in Resources */,
				92949A522295DAF3008EE240 /* Main.storyboard in Resources */,
			);
			runOnlyForDeploymentPostprocessing = 0;
		};
/* End PBXResourcesBuildPhase section */

/* Begin PBXSourcesBuildPhase section */
		92949A452295DAF3008EE240 /* Sources */ = {
			isa = PBXSourcesBuildPhase;
			buildActionMask = 2147483647;
			files = (
				92949A4F2295DAF3008EE240 /* ProgressCircleViewController.swift in Sources */,
				92949A622295E067008EE240 /* ProgressBarView.swift in Sources */,
				92FB2169229A55C5000AF93E /* ProgressBarViewController.swift in Sources */,
				92949A602295DBF8008EE240 /* ProgressCircleView.swift in Sources */,
				92949A4D2295DAF3008EE240 /* AppDelegate.swift in Sources */,
			);
			runOnlyForDeploymentPostprocessing = 0;
		};
/* End PBXSourcesBuildPhase section */

/* Begin PBXVariantGroup section */
		92949A502295DAF3008EE240 /* Main.storyboard */ = {
			isa = PBXVariantGroup;
			children = (
				92949A512295DAF3008EE240 /* Base */,
			);
			name = Main.storyboard;
			sourceTree = "<group>";
		};
		92949A552295DAF7008EE240 /* LaunchScreen.storyboard */ = {
			isa = PBXVariantGroup;
			children = (
				92949A562295DAF7008EE240 /* Base */,
			);
			name = LaunchScreen.storyboard;
			sourceTree = "<group>";
		};
/* End PBXVariantGroup section */

/* Begin XCBuildConfiguration section */
		92949A592295DAF7008EE240 /* Debug */ = {
			isa = XCBuildConfiguration;
			buildSettings = {
				ALWAYS_SEARCH_USER_PATHS = NO;
				CLANG_ANALYZER_NONNULL = YES;
				CLANG_ANALYZER_NUMBER_OBJECT_CONVERSION = YES_AGGRESSIVE;
				CLANG_CXX_LANGUAGE_STANDARD = "gnu++14";
				CLANG_CXX_LIBRARY = "libc++";
				CLANG_ENABLE_MODULES = YES;
				CLANG_ENABLE_OBJC_ARC = YES;
				CLANG_ENABLE_OBJC_WEAK = YES;
				CLANG_WARN_BLOCK_CAPTURE_AUTORELEASING = YES;
				CLANG_WARN_BOOL_CONVERSION = YES;
				CLANG_WARN_COMMA = YES;
				CLANG_WARN_CONSTANT_CONVERSION = YES;
				CLANG_WARN_DEPRECATED_OBJC_IMPLEMENTATIONS = YES;
				CLANG_WARN_DIRECT_OBJC_ISA_USAGE = YES_ERROR;
				CLANG_WARN_DOCUMENTATION_COMMENTS = YES;
				CLANG_WARN_EMPTY_BODY = YES;
				CLANG_WARN_ENUM_CONVERSION = YES;
				CLANG_WARN_INFINITE_RECURSION = YES;
				CLANG_WARN_INT_CONVERSION = YES;
				CLANG_WARN_NON_LITERAL_NULL_CONVERSION = YES;
				CLANG_WARN_OBJC_IMPLICIT_RETAIN_SELF = YES;
				CLANG_WARN_OBJC_LITERAL_CONVERSION = YES;
				CLANG_WARN_OBJC_ROOT_CLASS = YES_ERROR;
				CLANG_WARN_RANGE_LOOP_ANALYSIS = YES;
				CLANG_WARN_STRICT_PROTOTYPES = YES;
				CLANG_WARN_SUSPICIOUS_MOVE = YES;
				CLANG_WARN_UNGUARDED_AVAILABILITY = YES_AGGRESSIVE;
				CLANG_WARN_UNREACHABLE_CODE = YES;
				CLANG_WARN__DUPLICATE_METHOD_MATCH = YES;
				CODE_SIGN_IDENTITY = "iPhone Developer";
				COPY_PHASE_STRIP = NO;
				DEBUG_INFORMATION_FORMAT = dwarf;
				ENABLE_STRICT_OBJC_MSGSEND = YES;
				ENABLE_TESTABILITY = YES;
				GCC_C_LANGUAGE_STANDARD = gnu11;
				GCC_DYNAMIC_NO_PIC = NO;
				GCC_NO_COMMON_BLOCKS = YES;
				GCC_OPTIMIZATION_LEVEL = 0;
				GCC_PREPROCESSOR_DEFINITIONS = (
					"DEBUG=1",
					"$(inherited)",
				);
				GCC_WARN_64_TO_32_BIT_CONVERSION = YES;
				GCC_WARN_ABOUT_RETURN_TYPE = YES_ERROR;
				GCC_WARN_UNDECLARED_SELECTOR = YES;
				GCC_WARN_UNINITIALIZED_AUTOS = YES_AGGRESSIVE;
				GCC_WARN_UNUSED_FUNCTION = YES;
				GCC_WARN_UNUSED_VARIABLE = YES;
				IPHONEOS_DEPLOYMENT_TARGET = 12.2;
				MTL_ENABLE_DEBUG_INFO = INCLUDE_SOURCE;
				MTL_FAST_MATH = YES;
				ONLY_ACTIVE_ARCH = YES;
				SDKROOT = iphoneos;
				SWIFT_ACTIVE_COMPILATION_CONDITIONS = DEBUG;
				SWIFT_OPTIMIZATION_LEVEL = "-Onone";
			};
			name = Debug;
		};
		92949A5A2295DAF7008EE240 /* Release */ = {
			isa = XCBuildConfiguration;
			buildSettings = {
				ALWAYS_SEARCH_USER_PATHS = NO;
				CLANG_ANALYZER_NONNULL = YES;
				CLANG_ANALYZER_NUMBER_OBJECT_CONVERSION = YES_AGGRESSIVE;
				CLANG_CXX_LANGUAGE_STANDARD = "gnu++14";
				CLANG_CXX_LIBRARY = "libc++";
				CLANG_ENABLE_MODULES = YES;
				CLANG_ENABLE_OBJC_ARC = YES;
				CLANG_ENABLE_OBJC_WEAK = YES;
				CLANG_WARN_BLOCK_CAPTURE_AUTORELEASING = YES;
				CLANG_WARN_BOOL_CONVERSION = YES;
				CLANG_WARN_COMMA = YES;
				CLANG_WARN_CONSTANT_CONVERSION = YES;
				CLANG_WARN_DEPRECATED_OBJC_IMPLEMENTATIONS = YES;
				CLANG_WARN_DIRECT_OBJC_ISA_USAGE = YES_ERROR;
				CLANG_WARN_DOCUMENTATION_COMMENTS = YES;
				CLANG_WARN_EMPTY_BODY = YES;
				CLANG_WARN_ENUM_CONVERSION = YES;
				CLANG_WARN_INFINITE_RECURSION = YES;
				CLANG_WARN_INT_CONVERSION = YES;
				CLANG_WARN_NON_LITERAL_NULL_CONVERSION = YES;
				CLANG_WARN_OBJC_IMPLICIT_RETAIN_SELF = YES;
				CLANG_WARN_OBJC_LITERAL_CONVERSION = YES;
				CLANG_WARN_OBJC_ROOT_CLASS = YES_ERROR;
				CLANG_WARN_RANGE_LOOP_ANALYSIS = YES;
				CLANG_WARN_STRICT_PROTOTYPES = YES;
				CLANG_WARN_SUSPICIOUS_MOVE = YES;
				CLANG_WARN_UNGUARDED_AVAILABILITY = YES_AGGRESSIVE;
				CLANG_WARN_UNREACHABLE_CODE = YES;
				CLANG_WARN__DUPLICATE_METHOD_MATCH = YES;
				CODE_SIGN_IDENTITY = "iPhone Developer";
				COPY_PHASE_STRIP = NO;
				DEBUG_INFORMATION_FORMAT = "dwarf-with-dsym";
				ENABLE_NS_ASSERTIONS = NO;
				ENABLE_STRICT_OBJC_MSGSEND = YES;
				GCC_C_LANGUAGE_STANDARD = gnu11;
				GCC_NO_COMMON_BLOCKS = YES;
				GCC_WARN_64_TO_32_BIT_CONVERSION = YES;
				GCC_WARN_ABOUT_RETURN_TYPE = YES_ERROR;
				GCC_WARN_UNDECLARED_SELECTOR = YES;
				GCC_WARN_UNINITIALIZED_AUTOS = YES_AGGRESSIVE;
				GCC_WARN_UNUSED_FUNCTION = YES;
				GCC_WARN_UNUSED_VARIABLE = YES;
				IPHONEOS_DEPLOYMENT_TARGET = 12.2;
				MTL_ENABLE_DEBUG_INFO = NO;
				MTL_FAST_MATH = YES;
				SDKROOT = iphoneos;
				SWIFT_COMPILATION_MODE = wholemodule;
				SWIFT_OPTIMIZATION_LEVEL = "-O";
				VALIDATE_PRODUCT = YES;
			};
			name = Release;
		};
		92949A5C2295DAF7008EE240 /* Debug */ = {
			isa = XCBuildConfiguration;
			buildSettings = {
				ASSETCATALOG_COMPILER_APPICON_NAME = AppIcon;
				CODE_SIGN_STYLE = Automatic;
				DEVELOPMENT_TEAM = DB2793VW42;
				INFOPLIST_FILE = CustomView/Info.plist;
				LD_RUNPATH_SEARCH_PATHS = (
					"$(inherited)",
					"@executable_path/Frameworks",
				);
				PRODUCT_BUNDLE_IDENTIFIER = joaquim.CustomView;
				PRODUCT_NAME = "$(TARGET_NAME)";
				SWIFT_VERSION = 5.0;
				TARGETED_DEVICE_FAMILY = "1,2";
			};
			name = Debug;
		};
		92949A5D2295DAF7008EE240 /* Release */ = {
			isa = XCBuildConfiguration;
			buildSettings = {
				ASSETCATALOG_COMPILER_APPICON_NAME = AppIcon;
				CODE_SIGN_STYLE = Automatic;
				DEVELOPMENT_TEAM = DB2793VW42;
				INFOPLIST_FILE = CustomView/Info.plist;
				LD_RUNPATH_SEARCH_PATHS = (
					"$(inherited)",
					"@executable_path/Frameworks",
				);
				PRODUCT_BUNDLE_IDENTIFIER = joaquim.CustomView;
				PRODUCT_NAME = "$(TARGET_NAME)";
				SWIFT_VERSION = 5.0;
				TARGETED_DEVICE_FAMILY = "1,2";
			};
			name = Release;
		};
/* End XCBuildConfiguration section */

/* Begin XCConfigurationList section */
		92949A442295DAF3008EE240 /* Build configuration list for PBXProject "CustomView" */ = {
			isa = XCConfigurationList;
			buildConfigurations = (
				92949A592295DAF7008EE240 /* Debug */,
				92949A5A2295DAF7008EE240 /* Release */,
			);
			defaultConfigurationIsVisible = 0;
			defaultConfigurationName = Release;
		};
		92949A5B2295DAF7008EE240 /* Build configuration list for PBXNativeTarget "CustomView" */ = {
			isa = XCConfigurationList;
			buildConfigurations = (
				92949A5C2295DAF7008EE240 /* Debug */,
				92949A5D2295DAF7008EE240 /* Release */,
			);
			defaultConfigurationIsVisible = 0;
			defaultConfigurationName = Release;
		};
/* End XCConfigurationList section */
	};
	rootObject = 92949A412295DAF3008EE240 /* Project object */;
}
